
Microsoft Visual Studio Solution File, Format Version 12.00
# Visual Studio 14
VisualStudioVersion = 14.0.25420.1
MinimumVisualStudioVersion = 10.0.40219.1
Project("{FAE04EC0-301F-11D3-BF4B-00C04F79EFBC}") = "ZeroOne", "ZeroOne\ZeroOne.csproj", "{8364912F-1E3E-4823-917B-F11AEB3AB0B2}"
EndProject
Project("{FAE04EC0-301F-11D3-BF4B-00C04F79EFBC}") = "ZeroOne.Tests", "ZeroOne.Tests\ZeroOne.Tests.csproj", "{214B3D35-34D2-4337-B090-FA0EDB12B9D0}"
EndProject
Global
	GlobalSection(SolutionConfigurationPlatforms) = preSolution
		Debug|Any CPU = Debug|Any CPU
		Release|Any CPU = Release|Any CPU
	EndGlobalSection
	GlobalSection(ProjectConfigurationPlatforms) = postSolution
		{8364912F-1E3E-4823-917B-F11AEB3AB0B2}.Debug|Any CPU.ActiveCfg = Debug|Any CPU
		{8364912F-1E3E-4823-917B-F11AEB3AB0B2}.Debug|Any CPU.Build.0 = Debug|Any CPU
		{8364912F-1E3E-4823-917B-F11AEB3AB0B2}.Release|Any CPU.ActiveCfg = Release|Any CPU
		{8364912F-1E3E-4823-917B-F11AEB3AB0B2}.Release|Any CPU.Build.0 = Release|Any CPU
		{214B3D35-34D2-4337-B090-FA0EDB12B9D0}.Debug|Any CPU.ActiveCfg = Debug|Any CPU
		{214B3D35-34D2-4337-B090-FA0EDB12B9D0}.Debug|Any CPU.Build.0 = Debug|Any CPU
		{214B3D35-34D2-4337-B090-FA0EDB12B9D0}.Release|Any CPU.ActiveCfg = Release|Any CPU
		{214B3D35-34D2-4337-B090-FA0EDB12B9D0}.Release|Any CPU.Build.0 = Release|Any CPU
	EndGlobalSection
	GlobalSection(SolutionProperties) = preSolution
		HideSolutionNode = FALSE
	EndGlobalSection
EndGlobal
